
Microsoft Visual Studio Solution File, Format Version 12.00
# Visual Studio Version 17
VisualStudioVersion = 17.1.32414.318
MinimumVisualStudioVersion = 10.0.40219.1
Project("{FAE04EC0-301F-11D3-BF4B-00C04F79EFBC}") = "MyProjectAPI", "MyProjectAPI\MyProjectAPI.csproj", "{E3CEDEF7-8099-40F0-9193-B39D2984B635}"
EndProject
Global
	GlobalSection(SolutionConfigurationPlatforms) = preSolution
		Debug|Any CPU = Debug|Any CPU
		Release|Any CPU = Release|Any CPU
	EndGlobalSection
	GlobalSection(ProjectConfigurationPlatforms) = postSolution
		{E3CEDEF7-8099-40F0-9193-B39D2984B635}.Debug|Any CPU.ActiveCfg = Debug|Any CPU
		{E3CEDEF7-8099-40F0-9193-B39D2984B635}.Debug|Any CPU.Build.0 = Debug|Any CPU
		{E3CEDEF7-8099-40F0-9193-B39D2984B635}.Release|Any CPU.ActiveCfg = Release|Any CPU
		{E3CEDEF7-8099-40F0-9193-B39D2984B635}.Release|Any CPU.Build.0 = Release|Any CPU
	EndGlobalSection
	GlobalSection(SolutionProperties) = preSolution
		HideSolutionNode = FALSE
	EndGlobalSection
	GlobalSection(ExtensibilityGlobals) = postSolution
		SolutionGuid = {F3CC9C9C-DA2E-48A1-9E1D-0F21B55DEB0F}
	EndGlobalSection
EndGlobal
